
Microsoft Visual Studio Solution File, Format Version 11.00
# Visual Studio 2010
Project("{FAE04EC0-301F-11D3-BF4B-00C04F79EFBC}") = "Assembly-CSharp", "Assembly-CSharp.csproj", "{0676EB24-B7A4-E968-8984-7D6BC9283F01}"
EndProject
Project("{FAE04EC0-301F-11D3-BF4B-00C04F79EFBC}") = "Assembly-CSharp-firstpass", "Assembly-CSharp-firstpass.csproj", "{F116C773-2669-E7AB-1273-92CF2D6983B8}"
EndProject
Project("{FAE04EC0-301F-11D3-BF4B-00C04F79EFBC}") = "Assembly-CSharp-Editor-firstpass", "Assembly-CSharp-Editor-firstpass.csproj", "{A4F61EA4-133D-90E4-3D73-DA62E807A9F4}"
EndProject
Project("{FAE04EC0-301F-11D3-BF4B-00C04F79EFBC}") = "Assembly-CSharp-Editor", "Assembly-CSharp-Editor.csproj", "{F91570D0-64F9-510E-C589-113BDDDB94DB}"
EndProject
Global
	GlobalSection(SolutionConfigurationPlatforms) = preSolution
		Debug|Any CPU = Debug|Any CPU
		Release|Any CPU = Release|Any CPU
	EndGlobalSection
	GlobalSection(ProjectConfigurationPlatforms) = postSolution
		{0676EB24-B7A4-E968-8984-7D6BC9283F01}.Debug|Any CPU.ActiveCfg = Debug|Any CPU
		{0676EB24-B7A4-E968-8984-7D6BC9283F01}.Debug|Any CPU.Build.0 = Debug|Any CPU
		{0676EB24-B7A4-E968-8984-7D6BC9283F01}.Release|Any CPU.ActiveCfg = Release|Any CPU
		{0676EB24-B7A4-E968-8984-7D6BC9283F01}.Release|Any CPU.Build.0 = Release|Any CPU
		{F116C773-2669-E7AB-1273-92CF2D6983B8}.Debug|Any CPU.ActiveCfg = Debug|Any CPU
		{F116C773-2669-E7AB-1273-92CF2D6983B8}.Debug|Any CPU.Build.0 = Debug|Any CPU
		{F116C773-2669-E7AB-1273-92CF2D6983B8}.Release|Any CPU.ActiveCfg = Release|Any CPU
		{F116C773-2669-E7AB-1273-92CF2D6983B8}.Release|Any CPU.Build.0 = Release|Any CPU
		{A4F61EA4-133D-90E4-3D73-DA62E807A9F4}.Debug|Any CPU.ActiveCfg = Debug|Any CPU
		{A4F61EA4-133D-90E4-3D73-DA62E807A9F4}.Debug|Any CPU.Build.0 = Debug|Any CPU
		{A4F61EA4-133D-90E4-3D73-DA62E807A9F4}.Release|Any CPU.ActiveCfg = Release|Any CPU
		{A4F61EA4-133D-90E4-3D73-DA62E807A9F4}.Release|Any CPU.Build.0 = Release|Any CPU
		{F91570D0-64F9-510E-C589-113BDDDB94DB}.Debug|Any CPU.ActiveCfg = Debug|Any CPU
		{F91570D0-64F9-510E-C589-113BDDDB94DB}.Debug|Any CPU.Build.0 = Debug|Any CPU
		{F91570D0-64F9-510E-C589-113BDDDB94DB}.Release|Any CPU.ActiveCfg = Release|Any CPU
		{F91570D0-64F9-510E-C589-113BDDDB94DB}.Release|Any CPU.Build.0 = Release|Any CPU
	EndGlobalSection
	GlobalSection(SolutionProperties) = preSolution
		HideSolutionNode = FALSE
	EndGlobalSection
	GlobalSection(MonoDevelopProperties) = preSolution
		StartupItem = Assembly-CSharp.csproj
	EndGlobalSection
EndGlobal
